
Microsoft Visual Studio Solution File, Format Version 12.00
# Visual Studio 15
VisualStudioVersion = 15.0.28010.2041
MinimumVisualStudioVersion = 10.0.40219.1
Project("{FAE04EC0-301F-11D3-BF4B-00C04F79EFBC}") = "Gestao_Clientes.Dominio", "Gestao_Clientes.Dominio\Gestao_Clientes.Dominio.csproj", "{52B7B18C-50A2-4C10-AD3D-48DD1A918BB0}"
EndProject
Project("{FAE04EC0-301F-11D3-BF4B-00C04F79EFBC}") = "Gestao_Clientes.Dados", "Gestao_Clientes.Dados\Gestao_Clientes.Dados.csproj", "{D733CF1A-BB4A-4FA4-BA0D-3C2D042D5F9C}"
EndProject
Project("{FAE04EC0-301F-11D3-BF4B-00C04F79EFBC}") = "Gestao_Clientes.Negocios", "Gestao_Clientes.Negocios\Gestao_Clientes.Negocios.csproj", "{479F16A6-529D-4FCD-9DA3-D57F422B5600}"
EndProject
Project("{FAE04EC0-301F-11D3-BF4B-00C04F79EFBC}") = "Gestao_Clientes.Infra", "Gestao_Clientes.Infra\Gestao_Clientes.Infra.csproj", "{FBF88349-1AC2-46F3-8756-E0F27827964E}"
EndProject
Project("{FAE04EC0-301F-11D3-BF4B-00C04F79EFBC}") = "Gestao_Clientes.API", "Gestao_Clientes.API\Gestao_Clientes.API.csproj", "{6655DD70-9EF7-41EF-8216-AAA9DE37796B}"
EndProject
Project("{2150E333-8FDC-42A3-9474-1A3956D46DE8}") = "Web", "Web", "{2441570A-2A12-4723-8BBF-E058CE95E64D}"
EndProject
Project("{2150E333-8FDC-42A3-9474-1A3956D46DE8}") = "js", "js", "{320210B7-21CE-4F9C-845B-60AA39057D74}"
	ProjectSection(SolutionItems) = preProject
		js\bootstrap.bundle.js = js\bootstrap.bundle.js
		js\bootstrap.bundle.js.map = js\bootstrap.bundle.js.map
		js\bootstrap.bundle.min.js = js\bootstrap.bundle.min.js
		js\bootstrap.bundle.min.js.map = js\bootstrap.bundle.min.js.map
		js\bootstrap.js = js\bootstrap.js
		js\bootstrap.js.map = js\bootstrap.js.map
		js\bootstrap.min.js = js\bootstrap.min.js
		js\bootstrap.min.js.map = js\bootstrap.min.js.map
		js\clientes.js = js\clientes.js
		js\jquery.min.js = js\jquery.min.js
		js\mascaras.js = js\mascaras.js
		js\navbar.js = js\navbar.js
		js\padrao.js = js\padrao.js
	EndProjectSection
EndProject
Project("{2150E333-8FDC-42A3-9474-1A3956D46DE8}") = "css", "css", "{C7B1ABB6-AF11-467C-8DDB-520435296ECE}"
	ProjectSection(SolutionItems) = preProject
		css\bootstrap-grid.css = css\bootstrap-grid.css
		css\bootstrap-grid.css.map = css\bootstrap-grid.css.map
		css\bootstrap-grid.min.css = css\bootstrap-grid.min.css
		css\bootstrap-grid.min.css.map = css\bootstrap-grid.min.css.map
		css\bootstrap-reboot.css = css\bootstrap-reboot.css
		css\bootstrap-reboot.css.map = css\bootstrap-reboot.css.map
		css\bootstrap-reboot.min.css = css\bootstrap-reboot.min.css
		css\bootstrap-reboot.min.css.map = css\bootstrap-reboot.min.css.map
		css\bootstrap.css = css\bootstrap.css
		css\bootstrap.css.map = css\bootstrap.css.map
		css\bootstrap.min.css = css\bootstrap.min.css
		css\bootstrap.min.css.map = css\bootstrap.min.css.map
	EndProjectSection
EndProject
Project("{2150E333-8FDC-42A3-9474-1A3956D46DE8}") = "Views", "Views", "{97CA44BD-8005-4AF3-992C-F0CBD5458D43}"
EndProject
Project("{2150E333-8FDC-42A3-9474-1A3956D46DE8}") = "Clientes", "Clientes", "{B4955372-CFD3-47AE-BCD5-D80050F09CCB}"
	ProjectSection(SolutionItems) = preProject
		Create.html = Create.html
		Index.html = Index.html
	EndProjectSection
EndProject
Project("{2150E333-8FDC-42A3-9474-1A3956D46DE8}") = "Home", "Home", "{ADAB349C-1FA9-4AE7-8603-ED8790B7F0FB}"
	ProjectSection(SolutionItems) = preProject
		Home.html = Home.html
	EndProjectSection
EndProject
Global
	GlobalSection(SolutionConfigurationPlatforms) = preSolution
		Debug|Any CPU = Debug|Any CPU
		Release|Any CPU = Release|Any CPU
	EndGlobalSection
	GlobalSection(ProjectConfigurationPlatforms) = postSolution
		{52B7B18C-50A2-4C10-AD3D-48DD1A918BB0}.Debug|Any CPU.ActiveCfg = Debug|Any CPU
		{52B7B18C-50A2-4C10-AD3D-48DD1A918BB0}.Debug|Any CPU.Build.0 = Debug|Any CPU
		{52B7B18C-50A2-4C10-AD3D-48DD1A918BB0}.Release|Any CPU.ActiveCfg = Release|Any CPU
		{52B7B18C-50A2-4C10-AD3D-48DD1A918BB0}.Release|Any CPU.Build.0 = Release|Any CPU
		{D733CF1A-BB4A-4FA4-BA0D-3C2D042D5F9C}.Debug|Any CPU.ActiveCfg = Debug|Any CPU
		{D733CF1A-BB4A-4FA4-BA0D-3C2D042D5F9C}.Debug|Any CPU.Build.0 = Debug|Any CPU
		{D733CF1A-BB4A-4FA4-BA0D-3C2D042D5F9C}.Release|Any CPU.ActiveCfg = Release|Any CPU
		{D733CF1A-BB4A-4FA4-BA0D-3C2D042D5F9C}.Release|Any CPU.Build.0 = Release|Any CPU
		{479F16A6-529D-4FCD-9DA3-D57F422B5600}.Debug|Any CPU.ActiveCfg = Debug|Any CPU
		{479F16A6-529D-4FCD-9DA3-D57F422B5600}.Debug|Any CPU.Build.0 = Debug|Any CPU
		{479F16A6-529D-4FCD-9DA3-D57F422B5600}.Release|Any CPU.ActiveCfg = Release|Any CPU
		{479F16A6-529D-4FCD-9DA3-D57F422B5600}.Release|Any CPU.Build.0 = Release|Any CPU
		{FBF88349-1AC2-46F3-8756-E0F27827964E}.Debug|Any CPU.ActiveCfg = Debug|Any CPU
		{FBF88349-1AC2-46F3-8756-E0F27827964E}.Debug|Any CPU.Build.0 = Debug|Any CPU
		{FBF88349-1AC2-46F3-8756-E0F27827964E}.Release|Any CPU.ActiveCfg = Release|Any CPU
		{FBF88349-1AC2-46F3-8756-E0F27827964E}.Release|Any CPU.Build.0 = Release|Any CPU
		{6655DD70-9EF7-41EF-8216-AAA9DE37796B}.Debug|Any CPU.ActiveCfg = Debug|Any CPU
		{6655DD70-9EF7-41EF-8216-AAA9DE37796B}.Debug|Any CPU.Build.0 = Debug|Any CPU
		{6655DD70-9EF7-41EF-8216-AAA9DE37796B}.Release|Any CPU.ActiveCfg = Release|Any CPU
		{6655DD70-9EF7-41EF-8216-AAA9DE37796B}.Release|Any CPU.Build.0 = Release|Any CPU
	EndGlobalSection
	GlobalSection(SolutionProperties) = preSolution
		HideSolutionNode = FALSE
	EndGlobalSection
	GlobalSection(NestedProjects) = preSolution
		{320210B7-21CE-4F9C-845B-60AA39057D74} = {2441570A-2A12-4723-8BBF-E058CE95E64D}
		{C7B1ABB6-AF11-467C-8DDB-520435296ECE} = {2441570A-2A12-4723-8BBF-E058CE95E64D}
		{97CA44BD-8005-4AF3-992C-F0CBD5458D43} = {2441570A-2A12-4723-8BBF-E058CE95E64D}
		{B4955372-CFD3-47AE-BCD5-D80050F09CCB} = {97CA44BD-8005-4AF3-992C-F0CBD5458D43}
		{ADAB349C-1FA9-4AE7-8603-ED8790B7F0FB} = {97CA44BD-8005-4AF3-992C-F0CBD5458D43}
	EndGlobalSection
	GlobalSection(ExtensibilityGlobals) = postSolution
		SolutionGuid = {7447EE02-8529-466A-A61E-9EDDA0E66CE7}
	EndGlobalSection
EndGlobal
